
Microsoft Visual Studio Solution File, Format Version 12.00
# Visual Studio 15
VisualStudioVersion = 15.0.27004.2006
MinimumVisualStudioVersion = 10.0.40219.1
Project("{FAE04EC0-301F-11D3-BF4B-00C04F79EFBC}") = "Inventory System", "InvetorySystem\Inventory System.csproj", "{8E8B8F8B-AE5A-43F7-86DE-153E0C74B403}"
EndProject
Global
	GlobalSection(SolutionConfigurationPlatforms) = preSolution
		Debug|Any CPU = Debug|Any CPU
		Release|Any CPU = Release|Any CPU
	EndGlobalSection
	GlobalSection(ProjectConfigurationPlatforms) = postSolution
		{8E8B8F8B-AE5A-43F7-86DE-153E0C74B403}.Debug|Any CPU.ActiveCfg = Debug|Any CPU
		{8E8B8F8B-AE5A-43F7-86DE-153E0C74B403}.Debug|Any CPU.Build.0 = Debug|Any CPU
		{8E8B8F8B-AE5A-43F7-86DE-153E0C74B403}.Debug|Any CPU.Deploy.0 = Debug|Any CPU
		{8E8B8F8B-AE5A-43F7-86DE-153E0C74B403}.Release|Any CPU.ActiveCfg = Release|Any CPU
		{8E8B8F8B-AE5A-43F7-86DE-153E0C74B403}.Release|Any CPU.Build.0 = Release|Any CPU
		{8E8B8F8B-AE5A-43F7-86DE-153E0C74B403}.Release|Any CPU.Deploy.0 = Release|Any CPU
	EndGlobalSection
	GlobalSection(SolutionProperties) = preSolution
		HideSolutionNode = FALSE
	EndGlobalSection
	GlobalSection(ExtensibilityGlobals) = postSolution
		SolutionGuid = {8F4D59F7-BABE-45A5-AFD1-AEB3211F7757}
	EndGlobalSection
EndGlobal
